
Microsoft Visual Studio Solution File, Format Version 12.00
# Visual Studio Version 17
VisualStudioVersion = 17.9.34723.18
MinimumVisualStudioVersion = 10.0.40219.1
Project("{54A90642-561A-4BB1-A94E-469ADEE60C69}") = "webui.client", "src\WebUI\webui.client\webui.client.esproj", "{2E5B593E-3D85-4D14-AF94-2166CD0D15E2}"
EndProject
Project("{FAE04EC0-301F-11D3-BF4B-00C04F79EFBC}") = "IdentityServerAPI", "src\IdentityServer\IdentityServerAPI\IdentityServerAPI.csproj", "{4138FE0F-75C0-47BA-861F-98855F2D8C5C}"
EndProject
Project("{2150E333-8FDC-42A3-9474-1A3956D46DE8}") = "IdentityServer", "IdentityServer", "{1810753C-596D-49DB-A162-1D29D907515F}"
EndProject
Project("{FAE04EC0-301F-11D3-BF4B-00C04F79EFBC}") = "IdentityServer.DAL", "src\IdentityServer\IdentityServer.DAL\IdentityServer.DAL.csproj", "{20A89BD3-24BE-4D17-974F-61404C48BA64}"
EndProject
Global
	GlobalSection(SolutionConfigurationPlatforms) = preSolution
		Debug|Any CPU = Debug|Any CPU
		Release|Any CPU = Release|Any CPU
	EndGlobalSection
	GlobalSection(ProjectConfigurationPlatforms) = postSolution
		{2E5B593E-3D85-4D14-AF94-2166CD0D15E2}.Debug|Any CPU.ActiveCfg = Debug|Any CPU
		{2E5B593E-3D85-4D14-AF94-2166CD0D15E2}.Debug|Any CPU.Build.0 = Debug|Any CPU
		{2E5B593E-3D85-4D14-AF94-2166CD0D15E2}.Debug|Any CPU.Deploy.0 = Debug|Any CPU
		{2E5B593E-3D85-4D14-AF94-2166CD0D15E2}.Release|Any CPU.ActiveCfg = Release|Any CPU
		{2E5B593E-3D85-4D14-AF94-2166CD0D15E2}.Release|Any CPU.Build.0 = Release|Any CPU
		{2E5B593E-3D85-4D14-AF94-2166CD0D15E2}.Release|Any CPU.Deploy.0 = Release|Any CPU
		{4138FE0F-75C0-47BA-861F-98855F2D8C5C}.Debug|Any CPU.ActiveCfg = Debug|Any CPU
		{4138FE0F-75C0-47BA-861F-98855F2D8C5C}.Debug|Any CPU.Build.0 = Debug|Any CPU
		{4138FE0F-75C0-47BA-861F-98855F2D8C5C}.Release|Any CPU.ActiveCfg = Release|Any CPU
		{4138FE0F-75C0-47BA-861F-98855F2D8C5C}.Release|Any CPU.Build.0 = Release|Any CPU
		{20A89BD3-24BE-4D17-974F-61404C48BA64}.Debug|Any CPU.ActiveCfg = Debug|Any CPU
		{20A89BD3-24BE-4D17-974F-61404C48BA64}.Debug|Any CPU.Build.0 = Debug|Any CPU
		{20A89BD3-24BE-4D17-974F-61404C48BA64}.Release|Any CPU.ActiveCfg = Release|Any CPU
		{20A89BD3-24BE-4D17-974F-61404C48BA64}.Release|Any CPU.Build.0 = Release|Any CPU
	EndGlobalSection
	GlobalSection(SolutionProperties) = preSolution
		HideSolutionNode = FALSE
	EndGlobalSection
	GlobalSection(NestedProjects) = preSolution
		{4138FE0F-75C0-47BA-861F-98855F2D8C5C} = {1810753C-596D-49DB-A162-1D29D907515F}
		{20A89BD3-24BE-4D17-974F-61404C48BA64} = {1810753C-596D-49DB-A162-1D29D907515F}
	EndGlobalSection
	GlobalSection(ExtensibilityGlobals) = postSolution
		SolutionGuid = {B1F82666-8801-4357-A8AD-436C1910A7CF}
	EndGlobalSection
EndGlobal
