
Microsoft Visual Studio Solution File, Format Version 12.00
# Visual Studio Version 17
VisualStudioVersion = 17.9.34723.18
MinimumVisualStudioVersion = 10.0.40219.1
Project("{54A90642-561A-4BB1-A94E-469ADEE60C69}") = "webui.client", "src\WebUI\webui.client\webui.client.esproj", "{2E5B593E-3D85-4D14-AF94-2166CD0D15E2}"
EndProject
Project("{9A19103F-16F7-4668-BE54-9A1E7A4F7556}") = "IdentityServerAPI", "src\IdentityServer\IdentityServerAPI\IdentityServerAPI.csproj", "{4138FE0F-75C0-47BA-861F-98855F2D8C5C}"
EndProject
Project("{2150E333-8FDC-42A3-9474-1A3956D46DE8}") = "IdentityServer", "IdentityServer", "{1810753C-596D-49DB-A162-1D29D907515F}"
EndProject
Project("{9A19103F-16F7-4668-BE54-9A1E7A4F7556}") = "IdentityServer.DAL", "src\IdentityServer\IdentityServer.DAL\IdentityServer.DAL.csproj", "{20A89BD3-24BE-4D17-974F-61404C48BA64}"
EndProject
Project("{2150E333-8FDC-42A3-9474-1A3956D46DE8}") = "UserService", "UserService", "{262B203C-0DFF-4A54-B588-D22F04F1F9D7}"
EndProject
Project("{9A19103F-16F7-4668-BE54-9A1E7A4F7556}") = "Users.WebApi", "src\UserService\Users.WebApi\Users.WebApi.csproj", "{484731B4-790E-4538-BEB5-69EFA8D4EDE7}"
EndProject
Project("{9A19103F-16F7-4668-BE54-9A1E7A4F7556}") = "Users.Domain", "src\UserService\Users.Domain\Users.Domain.csproj", "{D607AFE1-F22A-44B3-9081-81B1918CD63C}"
EndProject
Project("{9A19103F-16F7-4668-BE54-9A1E7A4F7556}") = "Users.Application", "src\UserService\Users.Application\Users.Application.csproj", "{28838D5B-6FEC-4D15-930F-2241E07D8CD4}"
EndProject
Project("{9A19103F-16F7-4668-BE54-9A1E7A4F7556}") = "Users.Infrastructure.Data", "src\UserService\Users.Infrastructure.Data\Users.Infrastructure.Data.csproj", "{CAD69306-E4F3-45A7-930D-199559517DB5}"
EndProject
Project("{9A19103F-16F7-4668-BE54-9A1E7A4F7556}") = "MessageBus", "src\MessageBus\MessageBus.csproj", "{B8714522-97B4-4440-93FA-3CDE79F9FCED}"
EndProject
Project("{2150E333-8FDC-42A3-9474-1A3956D46DE8}") = "ApiGateWay", "ApiGateWay", "{F530DC58-FA24-401B-8794-9D1E3B10AC27}"
EndProject
Project("{9A19103F-16F7-4668-BE54-9A1E7A4F7556}") = "OcelotGateWay", "src\ApiGateWay\OcelotGateWay\OcelotGateWay.csproj", "{494E33DF-DAFC-4496-94C5-98B9E5C35677}"
EndProject
Project("{2150E333-8FDC-42A3-9474-1A3956D46DE8}") = "ContactUs", "ContactUs", "{FAC6F36F-EFDA-4733-9CD4-89EDAEA521D4}"
EndProject
Project("{9A19103F-16F7-4668-BE54-9A1E7A4F7556}") = "ContactUs.WebApi", "src\ContactUs\ContactUs.WebApi\ContactUs.WebApi.csproj", "{C1A0530A-60BA-4796-AE98-3A5D7C1B1C2F}"
EndProject
Project("{9A19103F-16F7-4668-BE54-9A1E7A4F7556}") = "ContactUs.Application", "src\ContactUs\ContactUs.Application\ContactUs.Application.csproj", "{F41CCBEF-1740-4DA2-8E06-264C445FEC9A}"
EndProject
Project("{9A19103F-16F7-4668-BE54-9A1E7A4F7556}") = "ContactUs.Domain", "src\ContactUs\ContactUs.Domain\ContactUs.Domain.csproj", "{923BE852-F8A9-4B7C-86F9-C342FDE6CE18}"
EndProject
Project("{9A19103F-16F7-4668-BE54-9A1E7A4F7556}") = "ContactUs.Infrastructure.Data", "src\ContactUs\ContactUs.Infrastructure.Data\ContactUs.Infrastructure.Data.csproj", "{B49CE677-3B04-48CA-91BE-C4F7CC949D30}"
EndProject
Project("{2150E333-8FDC-42A3-9474-1A3956D46DE8}") = "Menu", "Menu", "{9925F708-0053-4603-88FD-F1B9C1F4362A}"
EndProject
Project("{9A19103F-16F7-4668-BE54-9A1E7A4F7556}") = "Menu.Application", "src\MenuService\Menu.Application\Menu.Application.csproj", "{5CBB8857-47AD-4D96-B545-F4BCC0B26C33}"
EndProject
Project("{9A19103F-16F7-4668-BE54-9A1E7A4F7556}") = "Menu.Domain", "src\MenuService\Menu.Domain\Menu.Domain.csproj", "{A6B3B304-9430-4035-9009-2B84B372E327}"
EndProject
Project("{9A19103F-16F7-4668-BE54-9A1E7A4F7556}") = "Menu.Infrastructure.Data", "src\MenuService\Menu.Infrastructure.Data\Menu.Infrastructure.Data.csproj", "{5CCBC811-393C-42E1-814B-2935CBEEC49A}"
EndProject
Project("{9A19103F-16F7-4668-BE54-9A1E7A4F7556}") = "Menu.WebApi", "src\MenuService\Menu.WebApi\Menu.WebApi.csproj", "{07A7ACCF-4991-4BA3-863C-BA4C7732E0E9}"
EndProject
Global
	GlobalSection(SolutionConfigurationPlatforms) = preSolution
		Debug|Any CPU = Debug|Any CPU
		Release|Any CPU = Release|Any CPU
	EndGlobalSection
	GlobalSection(ProjectConfigurationPlatforms) = postSolution
		{2E5B593E-3D85-4D14-AF94-2166CD0D15E2}.Debug|Any CPU.ActiveCfg = Debug|Any CPU
		{2E5B593E-3D85-4D14-AF94-2166CD0D15E2}.Debug|Any CPU.Build.0 = Debug|Any CPU
		{2E5B593E-3D85-4D14-AF94-2166CD0D15E2}.Debug|Any CPU.Deploy.0 = Debug|Any CPU
		{2E5B593E-3D85-4D14-AF94-2166CD0D15E2}.Release|Any CPU.ActiveCfg = Release|Any CPU
		{2E5B593E-3D85-4D14-AF94-2166CD0D15E2}.Release|Any CPU.Build.0 = Release|Any CPU
		{2E5B593E-3D85-4D14-AF94-2166CD0D15E2}.Release|Any CPU.Deploy.0 = Release|Any CPU
		{4138FE0F-75C0-47BA-861F-98855F2D8C5C}.Debug|Any CPU.ActiveCfg = Debug|Any CPU
		{4138FE0F-75C0-47BA-861F-98855F2D8C5C}.Debug|Any CPU.Build.0 = Debug|Any CPU
		{4138FE0F-75C0-47BA-861F-98855F2D8C5C}.Release|Any CPU.ActiveCfg = Release|Any CPU
		{4138FE0F-75C0-47BA-861F-98855F2D8C5C}.Release|Any CPU.Build.0 = Release|Any CPU
		{20A89BD3-24BE-4D17-974F-61404C48BA64}.Debug|Any CPU.ActiveCfg = Debug|Any CPU
		{20A89BD3-24BE-4D17-974F-61404C48BA64}.Debug|Any CPU.Build.0 = Debug|Any CPU
		{20A89BD3-24BE-4D17-974F-61404C48BA64}.Release|Any CPU.ActiveCfg = Release|Any CPU
		{20A89BD3-24BE-4D17-974F-61404C48BA64}.Release|Any CPU.Build.0 = Release|Any CPU
		{484731B4-790E-4538-BEB5-69EFA8D4EDE7}.Debug|Any CPU.ActiveCfg = Debug|Any CPU
		{484731B4-790E-4538-BEB5-69EFA8D4EDE7}.Debug|Any CPU.Build.0 = Debug|Any CPU
		{484731B4-790E-4538-BEB5-69EFA8D4EDE7}.Release|Any CPU.ActiveCfg = Release|Any CPU
		{484731B4-790E-4538-BEB5-69EFA8D4EDE7}.Release|Any CPU.Build.0 = Release|Any CPU
		{D607AFE1-F22A-44B3-9081-81B1918CD63C}.Debug|Any CPU.ActiveCfg = Debug|Any CPU
		{D607AFE1-F22A-44B3-9081-81B1918CD63C}.Debug|Any CPU.Build.0 = Debug|Any CPU
		{D607AFE1-F22A-44B3-9081-81B1918CD63C}.Release|Any CPU.ActiveCfg = Release|Any CPU
		{D607AFE1-F22A-44B3-9081-81B1918CD63C}.Release|Any CPU.Build.0 = Release|Any CPU
		{28838D5B-6FEC-4D15-930F-2241E07D8CD4}.Debug|Any CPU.ActiveCfg = Debug|Any CPU
		{28838D5B-6FEC-4D15-930F-2241E07D8CD4}.Debug|Any CPU.Build.0 = Debug|Any CPU
		{28838D5B-6FEC-4D15-930F-2241E07D8CD4}.Release|Any CPU.ActiveCfg = Release|Any CPU
		{28838D5B-6FEC-4D15-930F-2241E07D8CD4}.Release|Any CPU.Build.0 = Release|Any CPU
		{CAD69306-E4F3-45A7-930D-199559517DB5}.Debug|Any CPU.ActiveCfg = Debug|Any CPU
		{CAD69306-E4F3-45A7-930D-199559517DB5}.Debug|Any CPU.Build.0 = Debug|Any CPU
		{CAD69306-E4F3-45A7-930D-199559517DB5}.Release|Any CPU.ActiveCfg = Release|Any CPU
		{CAD69306-E4F3-45A7-930D-199559517DB5}.Release|Any CPU.Build.0 = Release|Any CPU
		{B8714522-97B4-4440-93FA-3CDE79F9FCED}.Debug|Any CPU.ActiveCfg = Debug|Any CPU
		{B8714522-97B4-4440-93FA-3CDE79F9FCED}.Debug|Any CPU.Build.0 = Debug|Any CPU
		{B8714522-97B4-4440-93FA-3CDE79F9FCED}.Release|Any CPU.ActiveCfg = Release|Any CPU
		{B8714522-97B4-4440-93FA-3CDE79F9FCED}.Release|Any CPU.Build.0 = Release|Any CPU
		{494E33DF-DAFC-4496-94C5-98B9E5C35677}.Debug|Any CPU.ActiveCfg = Debug|Any CPU
		{494E33DF-DAFC-4496-94C5-98B9E5C35677}.Debug|Any CPU.Build.0 = Debug|Any CPU
		{494E33DF-DAFC-4496-94C5-98B9E5C35677}.Release|Any CPU.ActiveCfg = Release|Any CPU
		{494E33DF-DAFC-4496-94C5-98B9E5C35677}.Release|Any CPU.Build.0 = Release|Any CPU
		{C1A0530A-60BA-4796-AE98-3A5D7C1B1C2F}.Debug|Any CPU.ActiveCfg = Debug|Any CPU
		{C1A0530A-60BA-4796-AE98-3A5D7C1B1C2F}.Debug|Any CPU.Build.0 = Debug|Any CPU
		{C1A0530A-60BA-4796-AE98-3A5D7C1B1C2F}.Release|Any CPU.ActiveCfg = Release|Any CPU
		{C1A0530A-60BA-4796-AE98-3A5D7C1B1C2F}.Release|Any CPU.Build.0 = Release|Any CPU
		{F41CCBEF-1740-4DA2-8E06-264C445FEC9A}.Debug|Any CPU.ActiveCfg = Debug|Any CPU
		{F41CCBEF-1740-4DA2-8E06-264C445FEC9A}.Debug|Any CPU.Build.0 = Debug|Any CPU
		{F41CCBEF-1740-4DA2-8E06-264C445FEC9A}.Release|Any CPU.ActiveCfg = Release|Any CPU
		{F41CCBEF-1740-4DA2-8E06-264C445FEC9A}.Release|Any CPU.Build.0 = Release|Any CPU
		{923BE852-F8A9-4B7C-86F9-C342FDE6CE18}.Debug|Any CPU.ActiveCfg = Debug|Any CPU
		{923BE852-F8A9-4B7C-86F9-C342FDE6CE18}.Debug|Any CPU.Build.0 = Debug|Any CPU
		{923BE852-F8A9-4B7C-86F9-C342FDE6CE18}.Release|Any CPU.ActiveCfg = Release|Any CPU
		{923BE852-F8A9-4B7C-86F9-C342FDE6CE18}.Release|Any CPU.Build.0 = Release|Any CPU
		{B49CE677-3B04-48CA-91BE-C4F7CC949D30}.Debug|Any CPU.ActiveCfg = Debug|Any CPU
		{B49CE677-3B04-48CA-91BE-C4F7CC949D30}.Debug|Any CPU.Build.0 = Debug|Any CPU
		{B49CE677-3B04-48CA-91BE-C4F7CC949D30}.Release|Any CPU.ActiveCfg = Release|Any CPU
		{B49CE677-3B04-48CA-91BE-C4F7CC949D30}.Release|Any CPU.Build.0 = Release|Any CPU
		{5CBB8857-47AD-4D96-B545-F4BCC0B26C33}.Debug|Any CPU.ActiveCfg = Debug|Any CPU
		{5CBB8857-47AD-4D96-B545-F4BCC0B26C33}.Debug|Any CPU.Build.0 = Debug|Any CPU
		{5CBB8857-47AD-4D96-B545-F4BCC0B26C33}.Release|Any CPU.ActiveCfg = Release|Any CPU
		{5CBB8857-47AD-4D96-B545-F4BCC0B26C33}.Release|Any CPU.Build.0 = Release|Any CPU
		{A6B3B304-9430-4035-9009-2B84B372E327}.Debug|Any CPU.ActiveCfg = Debug|Any CPU
		{A6B3B304-9430-4035-9009-2B84B372E327}.Debug|Any CPU.Build.0 = Debug|Any CPU
		{A6B3B304-9430-4035-9009-2B84B372E327}.Release|Any CPU.ActiveCfg = Release|Any CPU
		{A6B3B304-9430-4035-9009-2B84B372E327}.Release|Any CPU.Build.0 = Release|Any CPU
		{5CCBC811-393C-42E1-814B-2935CBEEC49A}.Debug|Any CPU.ActiveCfg = Debug|Any CPU
		{5CCBC811-393C-42E1-814B-2935CBEEC49A}.Debug|Any CPU.Build.0 = Debug|Any CPU
		{5CCBC811-393C-42E1-814B-2935CBEEC49A}.Release|Any CPU.ActiveCfg = Release|Any CPU
		{5CCBC811-393C-42E1-814B-2935CBEEC49A}.Release|Any CPU.Build.0 = Release|Any CPU
		{07A7ACCF-4991-4BA3-863C-BA4C7732E0E9}.Debug|Any CPU.ActiveCfg = Debug|Any CPU
		{07A7ACCF-4991-4BA3-863C-BA4C7732E0E9}.Debug|Any CPU.Build.0 = Debug|Any CPU
		{07A7ACCF-4991-4BA3-863C-BA4C7732E0E9}.Release|Any CPU.ActiveCfg = Release|Any CPU
		{07A7ACCF-4991-4BA3-863C-BA4C7732E0E9}.Release|Any CPU.Build.0 = Release|Any CPU
	EndGlobalSection
	GlobalSection(SolutionProperties) = preSolution
		HideSolutionNode = FALSE
	EndGlobalSection
	GlobalSection(NestedProjects) = preSolution
		{4138FE0F-75C0-47BA-861F-98855F2D8C5C} = {1810753C-596D-49DB-A162-1D29D907515F}
		{20A89BD3-24BE-4D17-974F-61404C48BA64} = {1810753C-596D-49DB-A162-1D29D907515F}
		{484731B4-790E-4538-BEB5-69EFA8D4EDE7} = {262B203C-0DFF-4A54-B588-D22F04F1F9D7}
		{D607AFE1-F22A-44B3-9081-81B1918CD63C} = {262B203C-0DFF-4A54-B588-D22F04F1F9D7}
		{28838D5B-6FEC-4D15-930F-2241E07D8CD4} = {262B203C-0DFF-4A54-B588-D22F04F1F9D7}
		{CAD69306-E4F3-45A7-930D-199559517DB5} = {262B203C-0DFF-4A54-B588-D22F04F1F9D7}
		{494E33DF-DAFC-4496-94C5-98B9E5C35677} = {F530DC58-FA24-401B-8794-9D1E3B10AC27}
		{C1A0530A-60BA-4796-AE98-3A5D7C1B1C2F} = {FAC6F36F-EFDA-4733-9CD4-89EDAEA521D4}
		{F41CCBEF-1740-4DA2-8E06-264C445FEC9A} = {FAC6F36F-EFDA-4733-9CD4-89EDAEA521D4}
		{923BE852-F8A9-4B7C-86F9-C342FDE6CE18} = {FAC6F36F-EFDA-4733-9CD4-89EDAEA521D4}
		{B49CE677-3B04-48CA-91BE-C4F7CC949D30} = {FAC6F36F-EFDA-4733-9CD4-89EDAEA521D4}
		{5CBB8857-47AD-4D96-B545-F4BCC0B26C33} = {9925F708-0053-4603-88FD-F1B9C1F4362A}
		{A6B3B304-9430-4035-9009-2B84B372E327} = {9925F708-0053-4603-88FD-F1B9C1F4362A}
		{5CCBC811-393C-42E1-814B-2935CBEEC49A} = {9925F708-0053-4603-88FD-F1B9C1F4362A}
		{07A7ACCF-4991-4BA3-863C-BA4C7732E0E9} = {9925F708-0053-4603-88FD-F1B9C1F4362A}
	EndGlobalSection
	GlobalSection(ExtensibilityGlobals) = postSolution
		SolutionGuid = {B1F82666-8801-4357-A8AD-436C1910A7CF}
	EndGlobalSection
EndGlobal
